
Microsoft Visual Studio Solution File, Format Version 12.00
# Visual Studio Version 16
VisualStudioVersion = 16.0.31702.278
MinimumVisualStudioVersion = 10.0.40219.1
Project("{9A19103F-16F7-4668-BE54-9A1E7A4F7556}") = "labo3_tp5", "E:\programacion\C#\tp5_Labo3_XML\labo3_tp5.csproj", "{8E666B65-08AF-4A78-B55E-80154F4D1F27}"
EndProject
Global
	GlobalSection(SolutionConfigurationPlatforms) = preSolution
		Debug|Any CPU = Debug|Any CPU
		Release|Any CPU = Release|Any CPU
	EndGlobalSection
	GlobalSection(ProjectConfigurationPlatforms) = postSolution
		{8E666B65-08AF-4A78-B55E-80154F4D1F27}.Debug|Any CPU.ActiveCfg = Debug|Any CPU
		{8E666B65-08AF-4A78-B55E-80154F4D1F27}.Debug|Any CPU.Build.0 = Debug|Any CPU
		{8E666B65-08AF-4A78-B55E-80154F4D1F27}.Release|Any CPU.ActiveCfg = Release|Any CPU
		{8E666B65-08AF-4A78-B55E-80154F4D1F27}.Release|Any CPU.Build.0 = Release|Any CPU
	EndGlobalSection
	GlobalSection(SolutionProperties) = preSolution
		HideSolutionNode = FALSE
	EndGlobalSection
	GlobalSection(ExtensibilityGlobals) = postSolution
		SolutionGuid = {23EA44D9-B7EE-4486-94D7-16FCF9424F8B}
	EndGlobalSection
EndGlobal
